
Microsoft Visual Studio Solution File, Format Version 12.00
# Visual Studio 15
VisualStudioVersion = 15.0.27130.2036
MinimumVisualStudioVersion = 10.0.40219.1
Project("{9A19103F-16F7-4668-BE54-9A1E7A4F7556}") = "TarokScoreBoard.Core", "TarokScoreBoard.Core\TarokScoreBoard.Core.csproj", "{EB04CCF9-2E00-4A59-AF67-00FCBDF9883E}"
EndProject
Project("{2150E333-8FDC-42A3-9474-1A3956D46DE8}") = "src", "src", "{B51C1679-B5EF-4213-96F6-A9123EA83B5B}"
EndProject
Project("{FAE04EC0-301F-11D3-BF4B-00C04F79EFBC}") = "TarokScoreBoard.Tests", "TarokScoreBoard.Tests\TarokScoreBoard.Tests.csproj", "{8DA858BD-BC5F-4FA2-8771-23E48B269774}"
EndProject
Global
	GlobalSection(SolutionConfigurationPlatforms) = preSolution
		Debug|Any CPU = Debug|Any CPU
		Release|Any CPU = Release|Any CPU
	EndGlobalSection
	GlobalSection(ProjectConfigurationPlatforms) = postSolution
		{EB04CCF9-2E00-4A59-AF67-00FCBDF9883E}.Debug|Any CPU.ActiveCfg = Debug|Any CPU
		{EB04CCF9-2E00-4A59-AF67-00FCBDF9883E}.Debug|Any CPU.Build.0 = Debug|Any CPU
		{EB04CCF9-2E00-4A59-AF67-00FCBDF9883E}.Release|Any CPU.ActiveCfg = Release|Any CPU
		{EB04CCF9-2E00-4A59-AF67-00FCBDF9883E}.Release|Any CPU.Build.0 = Release|Any CPU
		{8DA858BD-BC5F-4FA2-8771-23E48B269774}.Debug|Any CPU.ActiveCfg = Debug|Any CPU
		{8DA858BD-BC5F-4FA2-8771-23E48B269774}.Debug|Any CPU.Build.0 = Debug|Any CPU
		{8DA858BD-BC5F-4FA2-8771-23E48B269774}.Release|Any CPU.ActiveCfg = Release|Any CPU
		{8DA858BD-BC5F-4FA2-8771-23E48B269774}.Release|Any CPU.Build.0 = Release|Any CPU
	EndGlobalSection
	GlobalSection(SolutionProperties) = preSolution
		HideSolutionNode = FALSE
	EndGlobalSection
	GlobalSection(NestedProjects) = preSolution
		{EB04CCF9-2E00-4A59-AF67-00FCBDF9883E} = {B51C1679-B5EF-4213-96F6-A9123EA83B5B}
		{8DA858BD-BC5F-4FA2-8771-23E48B269774} = {B51C1679-B5EF-4213-96F6-A9123EA83B5B}
	EndGlobalSection
	GlobalSection(ExtensibilityGlobals) = postSolution
		SolutionGuid = {62DFCD02-69FE-4352-ADE8-05E5221D7B16}
	EndGlobalSection
EndGlobal
