
Microsoft Visual Studio Solution File, Format Version 12.00
# Visual Studio 15
VisualStudioVersion = 15.0.27130.2036
MinimumVisualStudioVersion = 10.0.40219.1
Project("{FAE04EC0-301F-11D3-BF4B-00C04F79EFBC}") = "TarokScoreBoard.Core", "TarokScoreBoard.Core\TarokScoreBoard.Core.csproj", "{EB04CCF9-2E00-4A59-AF67-00FCBDF9883E}"
EndProject
Global
	GlobalSection(SolutionConfigurationPlatforms) = preSolution
		Debug|Any CPU = Debug|Any CPU
		Release|Any CPU = Release|Any CPU
	EndGlobalSection
	GlobalSection(ProjectConfigurationPlatforms) = postSolution
		{EB04CCF9-2E00-4A59-AF67-00FCBDF9883E}.Debug|Any CPU.ActiveCfg = Debug|Any CPU
		{EB04CCF9-2E00-4A59-AF67-00FCBDF9883E}.Debug|Any CPU.Build.0 = Debug|Any CPU
		{EB04CCF9-2E00-4A59-AF67-00FCBDF9883E}.Release|Any CPU.ActiveCfg = Release|Any CPU
		{EB04CCF9-2E00-4A59-AF67-00FCBDF9883E}.Release|Any CPU.Build.0 = Release|Any CPU
	EndGlobalSection
	GlobalSection(SolutionProperties) = preSolution
		HideSolutionNode = FALSE
	EndGlobalSection
	GlobalSection(ExtensibilityGlobals) = postSolution
		SolutionGuid = {62DFCD02-69FE-4352-ADE8-05E5221D7B16}
	EndGlobalSection
EndGlobal
